
Microsoft Visual Studio Solution File, Format Version 12.00
# Visual Studio 14
VisualStudioVersion = 14.0.25420.1
MinimumVisualStudioVersion = 10.0.40219.1
Project("{FAE04EC0-301F-11D3-BF4B-00C04F79EFBC}") = "Reservations.Android", "App3\App3.Android\Reservations.Android.csproj", "{826253DC-36E1-410D-83FD-D5F97A928D90}"
EndProject
Project("{FAE04EC0-301F-11D3-BF4B-00C04F79EFBC}") = "Reservations", "App3\App3\Reservations.csproj", "{2B0CFFF3-A5A2-4C1D-AB1F-AFC9C7BCC4EF}"
EndProject
Project("{FAE04EC0-301F-11D3-BF4B-00C04F79EFBC}") = "Reservations.iOS", "App3\App3.iOS\Reservations.iOS.csproj", "{DCC5AD13-E71F-4CCD-9607-8AC760C04322}"
EndProject
Project("{FAE04EC0-301F-11D3-BF4B-00C04F79EFBC}") = "AM7HackkthonAppService", "AM7HackkthonAppService\AM7HackkthonAppService\AM7HackkthonAppService.csproj", "{209FA716-A7AD-4095-BD70-C8710FC66FA7}"
EndProject
Global
	GlobalSection(SolutionConfigurationPlatforms) = preSolution
		Ad-Hoc|Any CPU = Ad-Hoc|Any CPU
		Ad-Hoc|iPhone = Ad-Hoc|iPhone
		Ad-Hoc|iPhoneSimulator = Ad-Hoc|iPhoneSimulator
		AppStore|Any CPU = AppStore|Any CPU
		AppStore|iPhone = AppStore|iPhone
		AppStore|iPhoneSimulator = AppStore|iPhoneSimulator
		Debug|Any CPU = Debug|Any CPU
		Debug|iPhone = Debug|iPhone
		Debug|iPhoneSimulator = Debug|iPhoneSimulator
		Release|Any CPU = Release|Any CPU
		Release|iPhone = Release|iPhone
		Release|iPhoneSimulator = Release|iPhoneSimulator
	EndGlobalSection
	GlobalSection(ProjectConfigurationPlatforms) = postSolution
		{826253DC-36E1-410D-83FD-D5F97A928D90}.Ad-Hoc|Any CPU.ActiveCfg = Release|Any CPU
		{826253DC-36E1-410D-83FD-D5F97A928D90}.Ad-Hoc|Any CPU.Build.0 = Release|Any CPU
		{826253DC-36E1-410D-83FD-D5F97A928D90}.Ad-Hoc|Any CPU.Deploy.0 = Release|Any CPU
		{826253DC-36E1-410D-83FD-D5F97A928D90}.Ad-Hoc|iPhone.ActiveCfg = Release|Any CPU
		{826253DC-36E1-410D-83FD-D5F97A928D90}.Ad-Hoc|iPhone.Build.0 = Release|Any CPU
		{826253DC-36E1-410D-83FD-D5F97A928D90}.Ad-Hoc|iPhone.Deploy.0 = Release|Any CPU
		{826253DC-36E1-410D-83FD-D5F97A928D90}.Ad-Hoc|iPhoneSimulator.ActiveCfg = Release|Any CPU
		{826253DC-36E1-410D-83FD-D5F97A928D90}.Ad-Hoc|iPhoneSimulator.Build.0 = Release|Any CPU
		{826253DC-36E1-410D-83FD-D5F97A928D90}.Ad-Hoc|iPhoneSimulator.Deploy.0 = Release|Any CPU
		{826253DC-36E1-410D-83FD-D5F97A928D90}.AppStore|Any CPU.ActiveCfg = Release|Any CPU
		{826253DC-36E1-410D-83FD-D5F97A928D90}.AppStore|Any CPU.Build.0 = Release|Any CPU
		{826253DC-36E1-410D-83FD-D5F97A928D90}.AppStore|Any CPU.Deploy.0 = Release|Any CPU
		{826253DC-36E1-410D-83FD-D5F97A928D90}.AppStore|iPhone.ActiveCfg = Release|Any CPU
		{826253DC-36E1-410D-83FD-D5F97A928D90}.AppStore|iPhone.Build.0 = Release|Any CPU
		{826253DC-36E1-410D-83FD-D5F97A928D90}.AppStore|iPhone.Deploy.0 = Release|Any CPU
		{826253DC-36E1-410D-83FD-D5F97A928D90}.AppStore|iPhoneSimulator.ActiveCfg = Release|Any CPU
		{826253DC-36E1-410D-83FD-D5F97A928D90}.AppStore|iPhoneSimulator.Build.0 = Release|Any CPU
		{826253DC-36E1-410D-83FD-D5F97A928D90}.AppStore|iPhoneSimulator.Deploy.0 = Release|Any CPU
		{826253DC-36E1-410D-83FD-D5F97A928D90}.Debug|Any CPU.ActiveCfg = Debug|Any CPU
		{826253DC-36E1-410D-83FD-D5F97A928D90}.Debug|Any CPU.Build.0 = Debug|Any CPU
		{826253DC-36E1-410D-83FD-D5F97A928D90}.Debug|Any CPU.Deploy.0 = Debug|Any CPU
		{826253DC-36E1-410D-83FD-D5F97A928D90}.Debug|iPhone.ActiveCfg = Debug|Any CPU
		{826253DC-36E1-410D-83FD-D5F97A928D90}.Debug|iPhone.Build.0 = Debug|Any CPU
		{826253DC-36E1-410D-83FD-D5F97A928D90}.Debug|iPhone.Deploy.0 = Debug|Any CPU
		{826253DC-36E1-410D-83FD-D5F97A928D90}.Debug|iPhoneSimulator.ActiveCfg = Debug|Any CPU
		{826253DC-36E1-410D-83FD-D5F97A928D90}.Debug|iPhoneSimulator.Build.0 = Debug|Any CPU
		{826253DC-36E1-410D-83FD-D5F97A928D90}.Debug|iPhoneSimulator.Deploy.0 = Debug|Any CPU
		{826253DC-36E1-410D-83FD-D5F97A928D90}.Release|Any CPU.ActiveCfg = Release|Any CPU
		{826253DC-36E1-410D-83FD-D5F97A928D90}.Release|Any CPU.Build.0 = Release|Any CPU
		{826253DC-36E1-410D-83FD-D5F97A928D90}.Release|Any CPU.Deploy.0 = Release|Any CPU
		{826253DC-36E1-410D-83FD-D5F97A928D90}.Release|iPhone.ActiveCfg = Release|Any CPU
		{826253DC-36E1-410D-83FD-D5F97A928D90}.Release|iPhone.Build.0 = Release|Any CPU
		{826253DC-36E1-410D-83FD-D5F97A928D90}.Release|iPhone.Deploy.0 = Release|Any CPU
		{826253DC-36E1-410D-83FD-D5F97A928D90}.Release|iPhoneSimulator.ActiveCfg = Release|Any CPU
		{826253DC-36E1-410D-83FD-D5F97A928D90}.Release|iPhoneSimulator.Build.0 = Release|Any CPU
		{826253DC-36E1-410D-83FD-D5F97A928D90}.Release|iPhoneSimulator.Deploy.0 = Release|Any CPU
		{2B0CFFF3-A5A2-4C1D-AB1F-AFC9C7BCC4EF}.Ad-Hoc|Any CPU.ActiveCfg = Release|Any CPU
		{2B0CFFF3-A5A2-4C1D-AB1F-AFC9C7BCC4EF}.Ad-Hoc|Any CPU.Build.0 = Release|Any CPU
		{2B0CFFF3-A5A2-4C1D-AB1F-AFC9C7BCC4EF}.Ad-Hoc|iPhone.ActiveCfg = Release|Any CPU
		{2B0CFFF3-A5A2-4C1D-AB1F-AFC9C7BCC4EF}.Ad-Hoc|iPhone.Build.0 = Release|Any CPU
		{2B0CFFF3-A5A2-4C1D-AB1F-AFC9C7BCC4EF}.Ad-Hoc|iPhoneSimulator.ActiveCfg = Release|Any CPU
		{2B0CFFF3-A5A2-4C1D-AB1F-AFC9C7BCC4EF}.Ad-Hoc|iPhoneSimulator.Build.0 = Release|Any CPU
		{2B0CFFF3-A5A2-4C1D-AB1F-AFC9C7BCC4EF}.AppStore|Any CPU.ActiveCfg = Release|Any CPU
		{2B0CFFF3-A5A2-4C1D-AB1F-AFC9C7BCC4EF}.AppStore|Any CPU.Build.0 = Release|Any CPU
		{2B0CFFF3-A5A2-4C1D-AB1F-AFC9C7BCC4EF}.AppStore|iPhone.ActiveCfg = Release|Any CPU
		{2B0CFFF3-A5A2-4C1D-AB1F-AFC9C7BCC4EF}.AppStore|iPhone.Build.0 = Release|Any CPU
		{2B0CFFF3-A5A2-4C1D-AB1F-AFC9C7BCC4EF}.AppStore|iPhoneSimulator.ActiveCfg = Release|Any CPU
		{2B0CFFF3-A5A2-4C1D-AB1F-AFC9C7BCC4EF}.AppStore|iPhoneSimulator.Build.0 = Release|Any CPU
		{2B0CFFF3-A5A2-4C1D-AB1F-AFC9C7BCC4EF}.Debug|Any CPU.ActiveCfg = Debug|Any CPU
		{2B0CFFF3-A5A2-4C1D-AB1F-AFC9C7BCC4EF}.Debug|Any CPU.Build.0 = Debug|Any CPU
		{2B0CFFF3-A5A2-4C1D-AB1F-AFC9C7BCC4EF}.Debug|iPhone.ActiveCfg = Debug|Any CPU
		{2B0CFFF3-A5A2-4C1D-AB1F-AFC9C7BCC4EF}.Debug|iPhone.Build.0 = Debug|Any CPU
		{2B0CFFF3-A5A2-4C1D-AB1F-AFC9C7BCC4EF}.Debug|iPhoneSimulator.ActiveCfg = Debug|Any CPU
		{2B0CFFF3-A5A2-4C1D-AB1F-AFC9C7BCC4EF}.Debug|iPhoneSimulator.Build.0 = Debug|Any CPU
		{2B0CFFF3-A5A2-4C1D-AB1F-AFC9C7BCC4EF}.Release|Any CPU.ActiveCfg = Release|Any CPU
		{2B0CFFF3-A5A2-4C1D-AB1F-AFC9C7BCC4EF}.Release|Any CPU.Build.0 = Release|Any CPU
		{2B0CFFF3-A5A2-4C1D-AB1F-AFC9C7BCC4EF}.Release|iPhone.ActiveCfg = Release|Any CPU
		{2B0CFFF3-A5A2-4C1D-AB1F-AFC9C7BCC4EF}.Release|iPhone.Build.0 = Release|Any CPU
		{2B0CFFF3-A5A2-4C1D-AB1F-AFC9C7BCC4EF}.Release|iPhoneSimulator.ActiveCfg = Release|Any CPU
		{2B0CFFF3-A5A2-4C1D-AB1F-AFC9C7BCC4EF}.Release|iPhoneSimulator.Build.0 = Release|Any CPU
		{DCC5AD13-E71F-4CCD-9607-8AC760C04322}.Ad-Hoc|Any CPU.ActiveCfg = Ad-Hoc|iPhone
		{DCC5AD13-E71F-4CCD-9607-8AC760C04322}.Ad-Hoc|iPhone.ActiveCfg = Ad-Hoc|iPhone
		{DCC5AD13-E71F-4CCD-9607-8AC760C04322}.Ad-Hoc|iPhone.Build.0 = Ad-Hoc|iPhone
		{DCC5AD13-E71F-4CCD-9607-8AC760C04322}.Ad-Hoc|iPhoneSimulator.ActiveCfg = Ad-Hoc|iPhoneSimulator
		{DCC5AD13-E71F-4CCD-9607-8AC760C04322}.Ad-Hoc|iPhoneSimulator.Build.0 = Ad-Hoc|iPhoneSimulator
		{DCC5AD13-E71F-4CCD-9607-8AC760C04322}.AppStore|Any CPU.ActiveCfg = AppStore|iPhone
		{DCC5AD13-E71F-4CCD-9607-8AC760C04322}.AppStore|iPhone.ActiveCfg = AppStore|iPhone
		{DCC5AD13-E71F-4CCD-9607-8AC760C04322}.AppStore|iPhone.Build.0 = AppStore|iPhone
		{DCC5AD13-E71F-4CCD-9607-8AC760C04322}.AppStore|iPhoneSimulator.ActiveCfg = AppStore|iPhoneSimulator
		{DCC5AD13-E71F-4CCD-9607-8AC760C04322}.AppStore|iPhoneSimulator.Build.0 = AppStore|iPhoneSimulator
		{DCC5AD13-E71F-4CCD-9607-8AC760C04322}.Debug|Any CPU.ActiveCfg = Debug|iPhone
		{DCC5AD13-E71F-4CCD-9607-8AC760C04322}.Debug|iPhone.ActiveCfg = Debug|iPhone
		{DCC5AD13-E71F-4CCD-9607-8AC760C04322}.Debug|iPhone.Build.0 = Debug|iPhone
		{DCC5AD13-E71F-4CCD-9607-8AC760C04322}.Debug|iPhoneSimulator.ActiveCfg = Debug|iPhoneSimulator
		{DCC5AD13-E71F-4CCD-9607-8AC760C04322}.Debug|iPhoneSimulator.Build.0 = Debug|iPhoneSimulator
		{DCC5AD13-E71F-4CCD-9607-8AC760C04322}.Release|Any CPU.ActiveCfg = Release|iPhone
		{DCC5AD13-E71F-4CCD-9607-8AC760C04322}.Release|iPhone.ActiveCfg = Release|iPhone
		{DCC5AD13-E71F-4CCD-9607-8AC760C04322}.Release|iPhone.Build.0 = Release|iPhone
		{DCC5AD13-E71F-4CCD-9607-8AC760C04322}.Release|iPhoneSimulator.ActiveCfg = Release|iPhoneSimulator
		{DCC5AD13-E71F-4CCD-9607-8AC760C04322}.Release|iPhoneSimulator.Build.0 = Release|iPhoneSimulator
		{209FA716-A7AD-4095-BD70-C8710FC66FA7}.Ad-Hoc|Any CPU.ActiveCfg = Release|Any CPU
		{209FA716-A7AD-4095-BD70-C8710FC66FA7}.Ad-Hoc|Any CPU.Build.0 = Release|Any CPU
		{209FA716-A7AD-4095-BD70-C8710FC66FA7}.Ad-Hoc|iPhone.ActiveCfg = Release|Any CPU
		{209FA716-A7AD-4095-BD70-C8710FC66FA7}.Ad-Hoc|iPhone.Build.0 = Release|Any CPU
		{209FA716-A7AD-4095-BD70-C8710FC66FA7}.Ad-Hoc|iPhoneSimulator.ActiveCfg = Release|Any CPU
		{209FA716-A7AD-4095-BD70-C8710FC66FA7}.Ad-Hoc|iPhoneSimulator.Build.0 = Release|Any CPU
		{209FA716-A7AD-4095-BD70-C8710FC66FA7}.AppStore|Any CPU.ActiveCfg = Release|Any CPU
		{209FA716-A7AD-4095-BD70-C8710FC66FA7}.AppStore|Any CPU.Build.0 = Release|Any CPU
		{209FA716-A7AD-4095-BD70-C8710FC66FA7}.AppStore|iPhone.ActiveCfg = Release|Any CPU
		{209FA716-A7AD-4095-BD70-C8710FC66FA7}.AppStore|iPhone.Build.0 = Release|Any CPU
		{209FA716-A7AD-4095-BD70-C8710FC66FA7}.AppStore|iPhoneSimulator.ActiveCfg = Release|Any CPU
		{209FA716-A7AD-4095-BD70-C8710FC66FA7}.AppStore|iPhoneSimulator.Build.0 = Release|Any CPU
		{209FA716-A7AD-4095-BD70-C8710FC66FA7}.Debug|Any CPU.ActiveCfg = Debug|Any CPU
		{209FA716-A7AD-4095-BD70-C8710FC66FA7}.Debug|Any CPU.Build.0 = Debug|Any CPU
		{209FA716-A7AD-4095-BD70-C8710FC66FA7}.Debug|iPhone.ActiveCfg = Debug|Any CPU
		{209FA716-A7AD-4095-BD70-C8710FC66FA7}.Debug|iPhone.Build.0 = Debug|Any CPU
		{209FA716-A7AD-4095-BD70-C8710FC66FA7}.Debug|iPhoneSimulator.ActiveCfg = Debug|Any CPU
		{209FA716-A7AD-4095-BD70-C8710FC66FA7}.Debug|iPhoneSimulator.Build.0 = Debug|Any CPU
		{209FA716-A7AD-4095-BD70-C8710FC66FA7}.Release|Any CPU.ActiveCfg = Release|Any CPU
		{209FA716-A7AD-4095-BD70-C8710FC66FA7}.Release|Any CPU.Build.0 = Release|Any CPU
		{209FA716-A7AD-4095-BD70-C8710FC66FA7}.Release|iPhone.ActiveCfg = Release|Any CPU
		{209FA716-A7AD-4095-BD70-C8710FC66FA7}.Release|iPhone.Build.0 = Release|Any CPU
		{209FA716-A7AD-4095-BD70-C8710FC66FA7}.Release|iPhoneSimulator.ActiveCfg = Release|Any CPU
		{209FA716-A7AD-4095-BD70-C8710FC66FA7}.Release|iPhoneSimulator.Build.0 = Release|Any CPU
	EndGlobalSection
	GlobalSection(SolutionProperties) = preSolution
		HideSolutionNode = FALSE
	EndGlobalSection
EndGlobal
